// !$*UTF8*$!
{
	archiveVersion = 1;
	classes = {
	};
	objectVersion = 46;
	objects = {

/* Begin PBXBuildFile section */
		AF1836CB1E2FE77A00BD4CC8 /* AppDelegate.swift in Sources */ = {isa = PBXBuildFile; fileRef = AF1836CA1E2FE77A00BD4CC8 /* AppDelegate.swift */; };
		AF1836CD1E2FE77A00BD4CC8 /* ViewController.swift in Sources */ = {isa = PBXBuildFile; fileRef = AF1836CC1E2FE77A00BD4CC8 /* ViewController.swift */; };
		AF1836D01E2FE77A00BD4CC8 /* Main.storyboard in Resources */ = {isa = PBXBuildFile; fileRef = AF1836CE1E2FE77A00BD4CC8 /* Main.storyboard */; };
		AF1836D21E2FE77A00BD4CC8 /* Assets.xcassets in Resources */ = {isa = PBXBuildFile; fileRef = AF1836D11E2FE77A00BD4CC8 /* Assets.xcassets */; };
		AF1836D51E2FE77B00BD4CC8 /* LaunchScreen.storyboard in Resources */ = {isa = PBXBuildFile; fileRef = AF1836D31E2FE77B00BD4CC8 /* LaunchScreen.storyboard */; };
		AF1836DE1E2FE79F00BD4CC8 /* CoreLocation.framework in Frameworks */ = {isa = PBXBuildFile; fileRef = AF1836DD1E2FE79F00BD4CC8 /* CoreLocation.framework */; };
/* End PBXBuildFile section */

/* Begin PBXFileReference section */
		AF1836C71E2FE77A00BD4CC8 /* Find User Location.app */ = {isa = PBXFileReference; explicitFileType = wrapper.application; includeInIndex = 0; path = "Find User Location.app"; sourceTree = BUILT_PRODUCTS_DIR; };
		AF1836CA1E2FE77A00BD4CC8 /* AppDelegate.swift */ = {isa = PBXFileReference; lastKnownFileType = sourcecode.swift; path = AppDelegate.swift; sourceTree = "<group>"; };
		AF1836CC1E2FE77A00BD4CC8 /* ViewController.swift */ = {isa = PBXFileReference; lastKnownFileType = sourcecode.swift; path = ViewController.swift; sourceTree = "<group>"; };
		AF1836CF1E2FE77A00BD4CC8 /* Base */ = {isa = PBXFileReference; lastKnownFileType = file.storyboard; name = Base; path = Base.lproj/Main.storyboard; sourceTree = "<group>"; };
		AF1836D11E2FE77A00BD4CC8 /* Assets.xcassets */ = {isa = PBXFileReference; lastKnownFileType = folder.assetcatalog; path = Assets.xcassets; sourceTree = "<group>"; };
		AF1836D41E2FE77B00BD4CC8 /* Base */ = {isa = PBXFileReference; lastKnownFileType = file.storyboard; name = Base; path = Base.lproj/LaunchScreen.storyboard; sourceTree = "<group>"; };
		AF1836D61E2FE77B00BD4CC8 /* Info.plist */ = {isa = PBXFileReference; lastKnownFileType = text.plist.xml; path = Info.plist; sourceTree = "<group>"; };
		AF1836DD1E2FE79F00BD4CC8 /* CoreLocation.framework */ = {isa = PBXFileReference; lastKnownFileType = wrapper.framework; name = CoreLocation.framework; path = System/Library/Frameworks/CoreLocation.framework; sourceTree = SDKROOT; };
/* End PBXFileReference section */

/* Begin PBXFrameworksBuildPhase section */
		AF1836C41E2FE77A00BD4CC8 /* Frameworks */ = {
			isa = PBXFrameworksBuildPhase;
			buildActionMask = 2147483647;
			files = (
				AF1836DE1E2FE79F00BD4CC8 /* CoreLocation.framework in Frameworks */,
			);
			runOnlyForDeploymentPostprocessing = 0;
		};
/* End PBXFrameworksBuildPhase section */

/* Begin PBXGroup section */
		AF1836BE1E2FE77A00BD4CC8 = {
			isa = PBXGroup;
			children = (
				AF1836C91E2FE77A00BD4CC8 /* Find User Location */,
				AF1836C81E2FE77A00BD4CC8 /* Products */,
				AF1836DC1E2FE79F00BD4CC8 /* Frameworks */,
			);
			sourceTree = "<group>";
		};
		AF1836C81E2FE77A00BD4CC8 /* Products */ = {
			isa = PBXGroup;
			children = (
				AF1836C71E2FE77A00BD4CC8 /* Find User Location.app */,
			);
			name = Products;
			sourceTree = "<group>";
		};
		AF1836C91E2FE77A00BD4CC8 /* Find User Location */ = {
			isa = PBXGroup;
			children = (
				AF1836CA1E2FE77A00BD4CC8 /* AppDelegate.swift */,
				AF1836CC1E2FE77A00BD4CC8 /* ViewController.swift */,
				AF1836CE1E2FE77A00BD4CC8 /* Main.storyboard */,
				AF1836D11E2FE77A00BD4CC8 /* Assets.xcassets */,
				AF1836D31E2FE77B00BD4CC8 /* LaunchScreen.storyboard */,
				AF1836D61E2FE77B00BD4CC8 /* Info.plist */,
			);
			path = "Find User Location";
			sourceTree = "<group>";
		};
		AF1836DC1E2FE79F00BD4CC8 /* Frameworks */ = {
			isa = PBXGroup;
			children = (
				AF1836DD1E2FE79F00BD4CC8 /* CoreLocation.framework */,
			);
			name = Frameworks;
			sourceTree = "<group>";
		};
/* End PBXGroup section */

/* Begin PBXNativeTarget section */
		AF1836C61E2FE77A00BD4CC8 /* Find User Location */ = {
			isa = PBXNativeTarget;
			buildConfigurationList = AF1836D91E2FE77B00BD4CC8 /* Build configuration list for PBXNativeTarget "Find User Location" */;
			buildPhases = (
				AF1836C31E2FE77A00BD4CC8 /* Sources */,
				AF1836C41E2FE77A00BD4CC8 /* Frameworks */,
				AF1836C51E2FE77A00BD4CC8 /* Resources */,
			);
			buildRules = (
			);
			dependencies = (
			);
			name = "Find User Location";
			productName = "Find User Location";
			productReference = AF1836C71E2FE77A00BD4CC8 /* Find User Location.app */;
			productType = "com.apple.product-type.application";
		};
/* End PBXNativeTarget section */

/* Begin PBXProject section */
		AF1836BF1E2FE77A00BD4CC8 /* Project object */ = {
			isa = PBXProject;
			attributes = {
				LastSwiftUpdateCheck = 0820;
				LastUpgradeCheck = 0820;
				ORGANIZATIONNAME = "netGalaxy Studios";
				TargetAttributes = {
					AF1836C61E2FE77A00BD4CC8 = {
						CreatedOnToolsVersion = 8.2.1;
						ProvisioningStyle = Automatic;
					};
				};
			};
			buildConfigurationList = AF1836C21E2FE77A00BD4CC8 /* Build configuration list for PBXProject "Find User Location" */;
			compatibilityVersion = "Xcode 3.2";
			developmentRegion = English;
			hasScannedForEncodings = 0;
			knownRegions = (
				en,
				Base,
			);
			mainGroup = AF1836BE1E2FE77A00BD4CC8;
			productRefGroup = AF1836C81E2FE77A00BD4CC8 /* Products */;
			projectDirPath = "";
			projectRoot = "";
			targets = (
				AF1836C61E2FE77A00BD4CC8 /* Find User Location */,
			);
		};
/* End PBXProject section */

/* Begin PBXResourcesBuildPhase section */
		AF1836C51E2FE77A00BD4CC8 /* Resources */ = {
			isa = PBXResourcesBuildPhase;
			buildActionMask = 2147483647;
			files = (
				AF1836D51E2FE77B00BD4CC8 /* LaunchScreen.storyboard in Resources */,
				AF1836D21E2FE77A00BD4CC8 /* Assets.xcassets in Resources */,
				AF1836D01E2FE77A00BD4CC8 /* Main.storyboard in Resources */,
			);
			runOnlyForDeploymentPostprocessing = 0;
		};
/* End PBXResourcesBuildPhase section */

/* Begin PBXSourcesBuildPhase section */
		AF1836C31E2FE77A00BD4CC8 /* Sources */ = {
			isa = PBXSourcesBuildPhase;
			buildActionMask = 2147483647;
			files = (
				AF1836CD1E2FE77A00BD4CC8 /* ViewController.swift in Sources */,
				AF1836CB1E2FE77A00BD4CC8 /* AppDelegate.swift in Sources */,
			);
			runOnlyForDeploymentPostprocessing = 0;
		};
/* End PBXSourcesBuildPhase section */

/* Begin PBXVariantGroup section */
		AF1836CE1E2FE77A00BD4CC8 /* Main.storyboard */ = {
			isa = PBXVariantGroup;
			children = (
				AF1836CF1E2FE77A00BD4CC8 /* Base */,
			);
			name = Main.storyboard;
			sourceTree = "<group>";
		};
		AF1836D31E2FE77B00BD4CC8 /* LaunchScreen.storyboard */ = {
			isa = PBXVariantGroup;
			children = (
				AF1836D41E2FE77B00BD4CC8 /* Base */,
			);
			name = LaunchScreen.storyboard;
			sourceTree = "<group>";
		};
/* End PBXVariantGroup section */

/* Begin XCBuildConfiguration section */
		AF1836D71E2FE77B00BD4CC8 /* Debug */ = {
			isa = XCBuildConfiguration;
			buildSettings = {
				ALWAYS_SEARCH_USER_PATHS = NO;
				CLANG_ANALYZER_NONNULL = YES;
				CLANG_CXX_LANGUAGE_STANDARD = "gnu++0x";
				CLANG_CXX_LIBRARY = "libc++";
				CLANG_ENABLE_MODULES = YES;
				CLANG_ENABLE_OBJC_ARC = YES;
				CLANG_WARN_BOOL_CONVERSION = YES;
				CLANG_WARN_CONSTANT_CONVERSION = YES;
				CLANG_WARN_DIRECT_OBJC_ISA_USAGE = YES_ERROR;
				CLANG_WARN_DOCUMENTATION_COMMENTS = YES;
				CLANG_WARN_EMPTY_BODY = YES;
				CLANG_WARN_ENUM_CONVERSION = YES;
				CLANG_WARN_INFINITE_RECURSION = YES;
				CLANG_WARN_INT_CONVERSION = YES;
				CLANG_WARN_OBJC_ROOT_CLASS = YES_ERROR;
				CLANG_WARN_SUSPICIOUS_MOVE = YES;
				CLANG_WARN_UNREACHABLE_CODE = YES;
				CLANG_WARN__DUPLICATE_METHOD_MATCH = YES;
				"CODE_SIGN_IDENTITY[sdk=iphoneos*]" = "iPhone Developer";
				COPY_PHASE_STRIP = NO;
				DEBUG_INFORMATION_FORMAT = dwarf;
				ENABLE_STRICT_OBJC_MSGSEND = YES;
				ENABLE_TESTABILITY = YES;
				GCC_C_LANGUAGE_STANDARD = gnu99;
				GCC_DYNAMIC_NO_PIC = NO;
				GCC_NO_COMMON_BLOCKS = YES;
				GCC_OPTIMIZATION_LEVEL = 0;
				GCC_PREPROCESSOR_DEFINITIONS = (
					"DEBUG=1",
					"$(inherited)",
				);
				GCC_WARN_64_TO_32_BIT_CONVERSION = YES;
				GCC_WARN_ABOUT_RETURN_TYPE = YES_ERROR;
				GCC_WARN_UNDECLARED_SELECTOR = YES;
				GCC_WARN_UNINITIALIZED_AUTOS = YES_AGGRESSIVE;
				GCC_WARN_UNUSED_FUNCTION = YES;
				GCC_WARN_UNUSED_VARIABLE = YES;
				IPHONEOS_DEPLOYMENT_TARGET = 10.2;
				MTL_ENABLE_DEBUG_INFO = YES;
				ONLY_ACTIVE_ARCH = YES;
				SDKROOT = iphoneos;
				SWIFT_ACTIVE_COMPILATION_CONDITIONS = DEBUG;
				SWIFT_OPTIMIZATION_LEVEL = "-Onone";
			};
			name = Debug;
		};
		AF1836D81E2FE77B00BD4CC8 /* Release */ = {
			isa = XCBuildConfiguration;
			buildSettings = {
				ALWAYS_SEARCH_USER_PATHS = NO;
				CLANG_ANALYZER_NONNULL = YES;
				CLANG_CXX_LANGUAGE_STANDARD = "gnu++0x";
				CLANG_CXX_LIBRARY = "libc++";
				CLANG_ENABLE_MODULES = YES;
				CLANG_ENABLE_OBJC_ARC = YES;
				CLANG_WARN_BOOL_CONVERSION = YES;
				CLANG_WARN_CONSTANT_CONVERSION = YES;
				CLANG_WARN_DIRECT_OBJC_ISA_USAGE = YES_ERROR;
				CLANG_WARN_DOCUMENTATION_COMMENTS = YES;
				CLANG_WARN_EMPTY_BODY = YES;
				CLANG_WARN_ENUM_CONVERSION = YES;
				CLANG_WARN_INFINITE_RECURSION = YES;
				CLANG_WARN_INT_CONVERSION = YES;
				CLANG_WARN_OBJC_ROOT_CLASS = YES_ERROR;
				CLANG_WARN_SUSPICIOUS_MOVE = YES;
				CLANG_WARN_UNREACHABLE_CODE = YES;
				CLANG_WARN__DUPLICATE_METHOD_MATCH = YES;
				"CODE_SIGN_IDENTITY[sdk=iphoneos*]" = "iPhone Developer";
				COPY_PHASE_STRIP = NO;
				DEBUG_INFORMATION_FORMAT = "dwarf-with-dsym";
				ENABLE_NS_ASSERTIONS = NO;
				ENABLE_STRICT_OBJC_MSGSEND = YES;
				GCC_C_LANGUAGE_STANDARD = gnu99;
				GCC_NO_COMMON_BLOCKS = YES;
				GCC_WARN_64_TO_32_BIT_CONVERSION = YES;
				GCC_WARN_ABOUT_RETURN_TYPE = YES_ERROR;
				GCC_WARN_UNDECLARED_SELECTOR = YES;
				GCC_WARN_UNINITIALIZED_AUTOS = YES_AGGRESSIVE;
				GCC_WARN_UNUSED_FUNCTION = YES;
				GCC_WARN_UNUSED_VARIABLE = YES;
				IPHONEOS_DEPLOYMENT_TARGET = 10.2;
				MTL_ENABLE_DEBUG_INFO = NO;
				SDKROOT = iphoneos;
				SWIFT_OPTIMIZATION_LEVEL = "-Owholemodule";
				VALIDATE_PRODUCT = YES;
			};
			name = Release;
		};
		AF1836DA1E2FE77B00BD4CC8 /* Debug */ = {
			isa = XCBuildConfiguration;
			buildSettings = {
				ASSETCATALOG_COMPILER_APPICON_NAME = AppIcon;
				INFOPLIST_FILE = "Find User Location/Info.plist";
				LD_RUNPATH_SEARCH_PATHS = "$(inherited) @executable_path/Frameworks";
				PRODUCT_BUNDLE_IDENTIFIER = "com.netgalaxystudios.Find-User-Location";
				PRODUCT_NAME = "$(TARGET_NAME)";
				SWIFT_VERSION = 3.0;
			};
			name = Debug;
		};
		AF1836DB1E2FE77B00BD4CC8 /* Release */ = {
			isa = XCBuildConfiguration;
			buildSettings = {
				ASSETCATALOG_COMPILER_APPICON_NAME = AppIcon;
				INFOPLIST_FILE = "Find User Location/Info.plist";
				LD_RUNPATH_SEARCH_PATHS = "$(inherited) @executable_path/Frameworks";
				PRODUCT_BUNDLE_IDENTIFIER = "com.netgalaxystudios.Find-User-Location";
				PRODUCT_NAME = "$(TARGET_NAME)";
				SWIFT_VERSION = 3.0;
			};
			name = Release;
		};
/* End XCBuildConfiguration section */

/* Begin XCConfigurationList section */
		AF1836C21E2FE77A00BD4CC8 /* Build configuration list for PBXProject "Find User Location" */ = {
			isa = XCConfigurationList;
			buildConfigurations = (
				AF1836D71E2FE77B00BD4CC8 /* Debug */,
				AF1836D81E2FE77B00BD4CC8 /* Release */,
			);
			defaultConfigurationIsVisible = 0;
			defaultConfigurationName = Release;
		};
		AF1836D91E2FE77B00BD4CC8 /* Build configuration list for PBXNativeTarget "Find User Location" */ = {
			isa = XCConfigurationList;
			buildConfigurations = (
				AF1836DA1E2FE77B00BD4CC8 /* Debug */,
				AF1836DB1E2FE77B00BD4CC8 /* Release */,
			);
			defaultConfigurationIsVisible = 0;
		};
/* End XCConfigurationList section */
	};
	rootObject = AF1836BF1E2FE77A00BD4CC8 /* Project object */;
}
